{
    "name": "jjjrmi",
    "version": "0.4.12",
    "lockfileVersion": 1,
    "requires": true,
    "dependencies": {
        "jjjserver": {
            "version": "0.4.19",
            "resolved": "https://registry.npmjs.org/jjjserver/-/jjjserver-0.4.19.tgz",
            "integrity": "sha512-1398P4PhXBNQ158f5+wE2ccsv48oRYF7y0jRUAoJ7ieLaRsF3SxoKMq8KflHJ/CnHGE4OYlidbXzmNzIqrkSIQ=="
        }
    }
}
